{
  "lockfileVersion": 1,
  "configVersion": 1,
  "workspaces": {
    "": {
      "name": "quotalens",
      "dependencies": {
        "@alicloud/bssopenapi20171214": "^4.1.1",
        "@alicloud/openapi-core": "^1.0.8",
        "hono": "^4.13.5",
      },
      "devDependencies": {
        "@types/bun": "latest",
      },
      "peerDependencies": {
        "typescript": "^5",
      },
    },
  },
  "packages": {
    "@alicloud/bssopenapi20171214": ["@alicloud/bssopenapi20171214@4.1.1", "", { "dependencies": { "@alicloud/openapi-core": "^1.0.0", "@darabonba/typescript": "^1.0.0" } }, "sha512-rqf16p4uf+3cJg4Bb5xTcGHRlqr74TgEEXZQTcxhJlmsbJM6dkmDlHgv+E1EZsmxXXHlnE35vevlCCoiZrzoCA=="],

    "@alicloud/credentials": ["@alicloud/credentials@2.4.7", "", { "dependencies": { "@alicloud/tea-typescript": "^1.8.0", "httpx": "^2.3.3", "ini": "^1.3.5", "kitx": "^2.0.0" } }, "sha512-pVeLM4Mjdh2PSs+h36CDBOCsvXyZTBG3tgT7chzH8jqWgVGU4UIgYw2h76ZviBpqADFPs3QReYg2AX/gzmqwOw=="],

    "@alicloud/darabonba-array": ["@alicloud/darabonba-array@0.1.2", "", { "dependencies": { "@alicloud/tea-typescript": "^1.7.1" } }, "sha512-ZPuQ+bJyjrd8XVVm55kl+ypk7OQoi1ZH/DiToaAEQaGvgEjrTcvQkg71//vUX/6cvbLIF5piQDvhrLb+lUEIPQ=="],

    "@alicloud/darabonba-encode-util": ["@alicloud/darabonba-encode-util@0.0.2", "", { "dependencies": { "moment": "^2.29.1" } }, "sha512-mlsNctkeqmR0RtgE1Rngyeadi5snLOAHBCWEtYf68d7tyKskosXDTNeZ6VCD/UfrUu4N51ItO8zlpfXiOgeg3A=="],

    "@alicloud/darabonba-map": ["@alicloud/darabonba-map@0.0.1", "", { "dependencies": { "@alicloud/tea-typescript": "^1.7.1" } }, "sha512-2ep+G3YDvuI+dRYVlmER1LVUQDhf9kEItmVB/bbEu1pgKzelcocCwAc79XZQjTcQGFgjDycf3vH87WLDGLFMlw=="],

    "@alicloud/darabonba-signature-util": ["@alicloud/darabonba-signature-util@0.0.4", "", { "dependencies": { "@alicloud/darabonba-encode-util": "^0.0.1" } }, "sha512-I1TtwtAnzLamgqnAaOkN0IGjwkiti//0a7/auyVThdqiC/3kyafSAn6znysWOmzub4mrzac2WiqblZKFcN5NWg=="],

    "@alicloud/darabonba-string": ["@alicloud/darabonba-string@1.0.3", "", { "dependencies": { "@alicloud/tea-typescript": "^1.5.1" } }, "sha512-NyWwrU8cAIesWk3uHL1Q7pTDTqLkCI/0PmJXC4/4A0MFNAZ9Ouq0iFBsRqvfyUujSSM+WhYLuTfakQXiVLkTMA=="],

    "@alicloud/endpoint-util": ["@alicloud/endpoint-util@0.0.1", "", { "dependencies": { "@alicloud/tea-typescript": "^1.5.1", "kitx": "^2.0.0" } }, "sha512-+pH7/KEXup84cHzIL6UJAaPqETvln4yXlD9JzlrqioyCSaWxbug5FUobsiI6fuUOpw5WwoB3fWAtGbFnJ1K3Yg=="],

    "@alicloud/gateway-pop": ["@alicloud/gateway-pop@0.0.6", "", { "dependencies": { "@alicloud/credentials": "^2", "@alicloud/darabonba-array": "^0.1.0", "@alicloud/darabonba-encode-util": "^0.0.2", "@alicloud/darabonba-map": "^0.0.1", "@alicloud/darabonba-signature-util": "^0.0.4", "@alicloud/darabonba-string": "^1.0.2", "@alicloud/endpoint-util": "^0.0.1", "@alicloud/gateway-spi": "^0.0.8", "@alicloud/openapi-util": "^0.3.2", "@alicloud/tea-typescript": "^1.7.1", "@alicloud/tea-util": "^1.4.8" } }, "sha512-KF4I+JvfYuLKc3fWeWYIZ7lOVJ9jRW0sQXdXidZn1DKZ978ncfGf7i0LBfONGk4OxvNb/HD3/0yYhkgZgPbKtA=="],

    "@alicloud/gateway-spi": ["@alicloud/gateway-spi@0.0.8", "", { "dependencies": { "@alicloud/credentials": "^2", "@alicloud/tea-typescript": "^1.7.1" } }, "sha512-KM7fu5asjxZPmrz9sJGHJeSU+cNQNOxW+SFmgmAIrITui5hXL2LB+KNRuzWmlwPjnuA2X3/keq9h6++S9jcV5g=="],

    "@alicloud/openapi-core": ["@alicloud/openapi-core@1.0.8", "", { "dependencies": { "@alicloud/credentials": "^2.4.2", "@alicloud/gateway-pop": "0.0.6", "@alicloud/gateway-spi": "^0.0.8", "@darabonba/typescript": "^1.0.5" } }, "sha512-xs8LdgMDcEUqv13kZ4nl+Vd+Fc1mixTF0g1lm5QSrNWDaLUUD5vqpuMtvUZnKNnq9PITfUQ+8KunAvNQJpFo8g=="],

    "@alicloud/openapi-util": ["@alicloud/openapi-util@0.3.3", "", { "dependencies": { "@alicloud/tea-typescript": "^1.7.1", "@alicloud/tea-util": "^1.3.0", "kitx": "^2.1.0", "sm3": "^1.0.3" } }, "sha512-vf0cQ/q8R2U7ZO88X5hDiu1yV3t/WexRj+YycWxRutkH/xVXfkmpRgps8lmNEk7Ar+0xnY8+daN2T+2OyB9F4A=="],

    "@alicloud/tea-typescript": ["@alicloud/tea-typescript@1.8.0", "", { "dependencies": { "@types/node": "^12.0.2", "httpx": "^2.2.6" } }, "sha512-CWXWaquauJf0sW30mgJRVu9aaXyBth5uMBCUc+5vKTK1zlgf3hIqRUjJZbjlwHwQ5y9anwcu18r48nOZb7l2QQ=="],

    "@alicloud/tea-util": ["@alicloud/tea-util@1.4.11", "", { "dependencies": { "@alicloud/tea-typescript": "^1.5.1", "@darabonba/typescript": "^1.0.0", "kitx": "^2.0.0" } }, "sha512-HyPEEQ8F0WoZegiCp7sVdrdm6eBOB+GCvGl4182u69LDFktxfirGLcAx3WExUr1zFWkq2OSmBroTwKQ4w/+Yww=="],

    "@darabonba/typescript": ["@darabonba/typescript@1.0.5", "", { "dependencies": { "@alicloud/tea-typescript": "^1.5.1", "http-proxy-agent": "^5.0.0", "https-proxy-agent": "^5.0.1", "httpx": "^2.3.2", "lodash": "^4.17.21", "moment": "^2.30.1", "moment-timezone": "^0.5.45", "socks-proxy-agent": "^6.2.1", "ws": "^8.18.0", "xml2js": "^0.6.2" } }, "sha512-pfxHFVM8I3h8K2o8skpDQLMmR5iAeQ2eNpP1HrKDEm/9ZPF8aKwDKPwwEszT1NnIo0Y3++E7x1YsVkVpGjA/xw=="],

    "@tootallnate/once": ["@tootallnate/once@2.0.1", "", {}, "sha512-HqmEUIGRJ5fSXchkVgR5F7qn48bDBzv0kWj/Kfu5e6uci4UlEeng4331LnBkWffb++Ei3FOVLxo8JJWMFBDMeQ=="],

    "@types/bun": ["@types/bun@1.4.0", "", { "dependencies": { "bun-types": "1.4.0" } }, "sha512-K+lZULY23vRgK/CfTjFIV+tyifaNdSMlPh9j+6mQ/cLfpOznLyAuzgV/JQysyECpkBQLVMSyvjlr2fBUSA9wFQ=="],

    "@types/node": ["@types/node@26.4.0", "", { "dependencies": { "undici-types": "~8.3.0" } }, "sha512-faiGnoIrLH/V8cibOMEAZ8pMw6oXqSukl29ra4mN8GdaB2ZewzeaLj+INpV5N+Z1eKWzY+IzaIZH2EIR6YZRNQ=="],

    "agent-base": ["agent-base@6.0.2", "", { "dependencies": { "debug": "4" } }, "sha512-RZNwNclF7+MS/8bDg70amg32dyeZGZxiDuQmZxKLAlQjr3jGyLx+4Kkk58UO7D2QdgFIQCovuSuZESne6RG6XQ=="],

    "bun-types": ["bun-types@1.4.0", "", { "dependencies": { "@types/node": "*" } }, "sha512-iIKw23BspnQQYd3prITOBxeUsxBHnwzX6YJfGMuNOZzeNcMmVqzIIVGRm1l69ogaPQmb4wB6BN8mA5bE9YuC5Q=="],

    "debug": ["debug@4.4.3", "", { "dependencies": { "ms": "^2.1.3" }, "peerDependencies": { "supports-color": "*" }, "optionalPeers": ["supports-color"] }, "sha512-RGwwWnwQvkVfavKVt22FGLw+xYSdzARwm0ru6DhTVA3umU5hZc28V3kO4stgYryrTlLpuvgI9GiijltAjNbcqA=="],

    "hono": ["hono@4.13.5", "", {}, "sha512-O6+/eCYRkzzzy0rPWwKLiGBR1nFuUPZynnwjxN1MBA62NNqbT0wQEzQyK2gSO5yDIDB336sXQleAhOHrzlYyKw=="],

    "http-proxy-agent": ["http-proxy-agent@5.0.0", "", { "dependencies": { "@tootallnate/once": "2", "agent-base": "6", "debug": "4" } }, "sha512-n2hY8YdoRE1i7r6M0w9DIw5GgZN0G25P8zLCRQ8rjXtTU3vsNFBI/vWK/UIeE6g5MUUz6avwAPXmL6Fy9D/90w=="],

    "https-proxy-agent": ["https-proxy-agent@5.0.1", "", { "dependencies": { "agent-base": "6", "debug": "4" } }, "sha512-dFcAjpTQFgoLMzC2VwU+C/CbS7uRL0lWmxDITmqm7C+7F0Odmj6s9l6alZc6AELXhrnggM2CeWSXHGOdX2YtwA=="],

    "httpx": ["httpx@2.3.3", "", { "dependencies": { "@types/node": "^20", "debug": "^4.1.1" } }, "sha512-k1qv94u1b6e+XKCxVbLgYlOypVP9MPGpnN5G/vxFf6tDO4V3xpz3d6FUOY/s8NtPgaq5RBVVgSB+7IHpVxMYzw=="],

    "ini": ["ini@1.3.8", "", {}, "sha512-JV/yugV2uzW5iMRSiZAyDtQd+nxtUnjeLt0acNdw98kKLrvuRVyB80tsREOE7yvGVgalhZ6RNXCmEHkUKBKxew=="],

    "ip-address": ["ip-address@10.7.0", "", {}, "sha512-BGFsyJd5mpXp3rK6jIdADLNgpJUK1jnjzvYF8lK+VyDab9JAmqN0YOKDdP17HlgKb2+ehPgDc8EtnRLbGCAMhA=="],

    "kitx": ["kitx@2.2.0", "", { "dependencies": { "@types/node": "^22.5.4" } }, "sha512-tBMwe6AALTBQJb0woQDD40734NKzb0Kzi3k7wQj9ar3AbP9oqhoVrdXPh7rk2r00/glIgd0YbToIUJsnxWMiIg=="],

    "lodash": ["lodash@4.18.1", "", {}, "sha512-dMInicTPVE8d1e5otfwmmjlxkZoUpiVLwyeTdUsi/Caj/gfzzblBcCE5sRHV/AsjuCmxWrte2TNGSYuCeCq+0Q=="],

    "moment": ["moment@2.30.1", "", {}, "sha512-uEmtNhbDOrWPFS+hdjFCBfy9f2YoyzRpwcl+DqpC6taX21FzsTLQVbMV/W7PzNSX6x/bhC1zA3c2UQ5NzH6how=="],

    "moment-timezone": ["moment-timezone@0.5.48", "", { "dependencies": { "moment": "^2.29.4" } }, "sha512-f22b8LV1gbTO2ms2j2z13MuPogNoh5UzxL3nzNAYKGraILnbGc9NEE6dyiiiLv46DGRb8A4kg8UKWLjPthxBHw=="],

    "ms": ["ms@2.1.3", "", {}, "sha512-6FlzubTLZG3J2a/NVCAleEhjzq5oxgHyaCU9yYXvcLsvoVaHJq/s5xXI6/XXP6tz7R9xAOtHnSO/tXtF3WRTlA=="],

    "sax": ["sax@1.6.1", "", {}, "sha512-42tBVwLWnaQvW5zc4HbZrTuWccECCZfBi92FDuwtqxasH+JbPB3/FOKb1m222K42R4WxuxzzMsTswfzgtSu64Q=="],

    "sm3": ["sm3@1.0.3", "", {}, "sha512-KyFkIfr8QBlFG3uc3NaljaXdYcsbRy1KrSfc4tsQV8jW68jAktGeOcifu530Vx/5LC+PULHT0Rv8LiI8Gw+c1g=="],

    "smart-buffer": ["smart-buffer@4.2.0", "", {}, "sha512-94hK0Hh8rPqQl2xXc3HsaBoOXKV20MToPkcXvwbISWLEs+64sBq5kFgn2kJDHb1Pry9yrP0dxrCI9RRci7RXKg=="],

    "socks": ["socks@2.8.9", "", { "dependencies": { "ip-address": "^10.1.1", "smart-buffer": "^4.2.0" } }, "sha512-LJhUYUvItdQ0LkJTmPeaEObWXAqFyfmP85x0tch/ez9cahmhlBBLbIqDFnvBnUJGagb0JbIQrkBs1wJ+yRYpEw=="],

    "socks-proxy-agent": ["socks-proxy-agent@6.2.1", "", { "dependencies": { "agent-base": "^6.0.2", "debug": "^4.3.3", "socks": "^2.6.2" } }, "sha512-a6KW9G+6B3nWZ1yB8G7pJwL3ggLy1uTzKAgCb7ttblwqdz9fMGJUuTy3uFzEP48FAs9FLILlmzDlE2JJhVQaXQ=="],

    "typescript": ["typescript@5.9.3", "", { "bin": { "tsc": "bin/tsc", "tsserver": "bin/tsserver" } }, "sha512-jl1vZzPDinLr9eUt3J/t7V6FgNEw9QjvBPdysz9KfQDD41fQrC2Y4vKQdiaUpFT4bXlb1RHhLpp8wtm6M5TgSw=="],

    "undici-types": ["undici-types@8.3.0", "", {}, "sha512-j375ScV60dom+YkPFIfTLcOiPxkN/buHz5GobjLhixFuANaNs3C9l4GmrWqejgXWJ7BbJcFYpTEUkS1Ge8bpZQ=="],

    "ws": ["ws@8.21.3", "", { "peerDependencies": { "bufferutil": "^4.0.1", "utf-8-validate": ">=5.0.2" }, "optionalPeers": ["bufferutil", "utf-8-validate"] }, "sha512-201TZ/kPWxoPr/OKWjquZR1SWKXcvxdH+e1xrx89b3YbmzLMFCLfnaG1HFIgWzJOEWZ7MvpK++odZufgYR50Rw=="],

    "xml2js": ["xml2js@0.6.2", "", { "dependencies": { "sax": ">=0.6.0", "xmlbuilder": "~11.0.0" } }, "sha512-T4rieHaC1EXcES0Kxxj4JWgaUQHDk+qwHcYOCFHfiwKz7tOVPLq7Hjq9dM1WCMhylqMEfP7hMcOIChvotiZegA=="],

    "xmlbuilder": ["xmlbuilder@11.0.1", "", {}, "sha512-fDlsI/kFEx7gLvbecc0/ohLG50fugQp8ryHzMTuW9vSa1GJ0XYWKnhsUx7oie3G98+r56aTQIUB4kht42R3JvA=="],

    "@alicloud/darabonba-signature-util/@alicloud/darabonba-encode-util": ["@alicloud/darabonba-encode-util@0.0.1", "", { "dependencies": { "@alicloud/tea-typescript": "^1.7.1", "moment": "^2.29.1" } }, "sha512-Sl5vCRVAYMqwmvXpJLM9hYoCHOMsQlGxaWSGhGWulpKk/NaUBArtoO1B0yHruJf1C5uHhEJIaylYcM48icFHgw=="],

    "@alicloud/tea-typescript/@types/node": ["@types/node@12.20.55", "", {}, "sha512-J8xLz7q2OFulZ2cyGTLE1TbbZcjpno7FaN6zdJNrgAdrJ+DZzh/uFR6YrTb4C+nXakvud8Q4+rbhoIWlYQbUFQ=="],

    "httpx/@types/node": ["@types/node@20.19.43", "", { "dependencies": { "undici-types": "~6.21.0" } }, "sha512-6oYBAi5ikg4Pl+kGsoYtawUMBT2zZMCvPNF7pVLnHZfd1zf38DRiWn/gT01RYCdUqkv7Fhr+C9ot4/tb+2sVvA=="],

    "kitx/@types/node": ["@types/node@22.20.1", "", { "dependencies": { "undici-types": "~6.21.0" } }, "sha512-EANqOCF9QFyra+4pfxUcX9STKJpCLjMbObVzljIJomAWSnuSIEAvyzEU53GaajbXJEgdh0iEcPL+DGvpUd4k1Q=="],

    "httpx/@types/node/undici-types": ["undici-types@6.21.0", "", {}, "sha512-iwDZqg0QAGrg9Rav5H4n0M64c3mkR59cJ6wQp+7C4nI0gsmExaedaYLNO44eT4AtBBwjbTiGPMlt2Md0T9H9JQ=="],

    "kitx/@types/node/undici-types": ["undici-types@6.21.0", "", {}, "sha512-iwDZqg0QAGrg9Rav5H4n0M64c3mkR59cJ6wQp+7C4nI0gsmExaedaYLNO44eT4AtBBwjbTiGPMlt2Md0T9H9JQ=="],
  }
}
